
Microsoft Visual Studio Solution File, Format Version 12.00
# Visual Studio Version 17
VisualStudioVersion = 17.10.35027.167
MinimumVisualStudioVersion = 10.0.40219.1
Project("{FAE04EC0-301F-11D3-BF4B-00C04F79EFBC}") = "lapCURDwebAPI", "lapCURDwebAPI\lapCURDwebAPI.csproj", "{798A8A45-D606-4793-998E-F89D57F52FCC}"
EndProject
Global
	GlobalSection(SolutionConfigurationPlatforms) = preSolution
		Debug|Any CPU = Debug|Any CPU
		Release|Any CPU = Release|Any CPU
	EndGlobalSection
	GlobalSection(ProjectConfigurationPlatforms) = postSolution
		{798A8A45-D606-4793-998E-F89D57F52FCC}.Debug|Any CPU.ActiveCfg = Debug|Any CPU
		{798A8A45-D606-4793-998E-F89D57F52FCC}.Debug|Any CPU.Build.0 = Debug|Any CPU
		{798A8A45-D606-4793-998E-F89D57F52FCC}.Release|Any CPU.ActiveCfg = Release|Any CPU
		{798A8A45-D606-4793-998E-F89D57F52FCC}.Release|Any CPU.Build.0 = Release|Any CPU
	EndGlobalSection
	GlobalSection(SolutionProperties) = preSolution
		HideSolutionNode = FALSE
	EndGlobalSection
	GlobalSection(ExtensibilityGlobals) = postSolution
		SolutionGuid = {0F12A2A8-304C-4D4A-923F-E2960FD86FE6}
	EndGlobalSection
EndGlobal
